
Microsoft Visual Studio Solution File, Format Version 12.00
# Visual Studio Version 16
VisualStudioVersion = 16.0.31702.278
MinimumVisualStudioVersion = 10.0.40219.1
Project("{FAE04EC0-301F-11D3-BF4B-00C04F79EFBC}") = "TUSkiSim.Lib", "TUSkiSim.Lib\TUSkiSim.Lib.csproj", "{DF562DD0-15C7-40C2-BBFE-E71AF542753A}"
EndProject
Project("{FAE04EC0-301F-11D3-BF4B-00C04F79EFBC}") = "TUSkiSim.Cli", "TUSkiSim.Cli\TUSkiSim.Cli.csproj", "{204981CB-785E-443E-ABFB-9517D7479701}"
EndProject
Project("{FAE04EC0-301F-11D3-BF4B-00C04F79EFBC}") = "TUSkiSim.Test", "TUSkiSim.Test\TUSkiSim.Test.csproj", "{0CC4EEF8-8503-4E92-BD1C-53426F849584}"
EndProject
Global
	GlobalSection(SolutionConfigurationPlatforms) = preSolution
		Debug|Any CPU = Debug|Any CPU
		Release|Any CPU = Release|Any CPU
	EndGlobalSection
	GlobalSection(ProjectConfigurationPlatforms) = postSolution
		{DF562DD0-15C7-40C2-BBFE-E71AF542753A}.Debug|Any CPU.ActiveCfg = Debug|Any CPU
		{DF562DD0-15C7-40C2-BBFE-E71AF542753A}.Debug|Any CPU.Build.0 = Debug|Any CPU
		{DF562DD0-15C7-40C2-BBFE-E71AF542753A}.Release|Any CPU.ActiveCfg = Release|Any CPU
		{DF562DD0-15C7-40C2-BBFE-E71AF542753A}.Release|Any CPU.Build.0 = Release|Any CPU
		{204981CB-785E-443E-ABFB-9517D7479701}.Debug|Any CPU.ActiveCfg = Debug|Any CPU
		{204981CB-785E-443E-ABFB-9517D7479701}.Debug|Any CPU.Build.0 = Debug|Any CPU
		{204981CB-785E-443E-ABFB-9517D7479701}.Release|Any CPU.ActiveCfg = Release|Any CPU
		{204981CB-785E-443E-ABFB-9517D7479701}.Release|Any CPU.Build.0 = Release|Any CPU
		{0CC4EEF8-8503-4E92-BD1C-53426F849584}.Debug|Any CPU.ActiveCfg = Debug|Any CPU
		{0CC4EEF8-8503-4E92-BD1C-53426F849584}.Debug|Any CPU.Build.0 = Debug|Any CPU
		{0CC4EEF8-8503-4E92-BD1C-53426F849584}.Release|Any CPU.ActiveCfg = Release|Any CPU
		{0CC4EEF8-8503-4E92-BD1C-53426F849584}.Release|Any CPU.Build.0 = Release|Any CPU
	EndGlobalSection
	GlobalSection(SolutionProperties) = preSolution
		HideSolutionNode = FALSE
	EndGlobalSection
	GlobalSection(ExtensibilityGlobals) = postSolution
		SolutionGuid = {5F563630-ADF7-48CF-90F0-064782568911}
	EndGlobalSection
EndGlobal
